
Microsoft Visual Studio Solution File, Format Version 12.00
# Visual Studio Version 17
VisualStudioVersion = 17.8.34316.72
MinimumVisualStudioVersion = 10.0.40219.1
Project("{9A19103F-16F7-4668-BE54-9A1E7A4F7556}") = "Generics", "Generics\Generics.csproj", "{3273E50D-16DE-4E6A-9797-3D8EBA6B3D3C}"
EndProject
Global
	GlobalSection(SolutionConfigurationPlatforms) = preSolution
		Debug|Any CPU = Debug|Any CPU
		Release|Any CPU = Release|Any CPU
	EndGlobalSection
	GlobalSection(ProjectConfigurationPlatforms) = postSolution
		{3273E50D-16DE-4E6A-9797-3D8EBA6B3D3C}.Debug|Any CPU.ActiveCfg = Debug|Any CPU
		{3273E50D-16DE-4E6A-9797-3D8EBA6B3D3C}.Debug|Any CPU.Build.0 = Debug|Any CPU
		{3273E50D-16DE-4E6A-9797-3D8EBA6B3D3C}.Release|Any CPU.ActiveCfg = Release|Any CPU
		{3273E50D-16DE-4E6A-9797-3D8EBA6B3D3C}.Release|Any CPU.Build.0 = Release|Any CPU
	EndGlobalSection
	GlobalSection(SolutionProperties) = preSolution
		HideSolutionNode = FALSE
	EndGlobalSection
	GlobalSection(ExtensibilityGlobals) = postSolution
		SolutionGuid = {2E3DE4C2-44C9-4564-B888-64A00CE50C19}
	EndGlobalSection
EndGlobal
